
Microsoft Visual Studio Solution File, Format Version 12.00
# Blend for Visual Studio Version 16
VisualStudioVersion = 16.0.28803.202
MinimumVisualStudioVersion = 10.0.40219.1
Project("{FAE04EC0-301F-11D3-BF4B-00C04F79EFBC}") = "WpBingo", "WpBingo\WpBingo.csproj", "{4F40F46E-3763-426F-8D2D-C57AB05830A9}"
EndProject
Global
	GlobalSection(SolutionConfigurationPlatforms) = preSolution
		Debug|Any CPU = Debug|Any CPU
		Release|Any CPU = Release|Any CPU
	EndGlobalSection
	GlobalSection(ProjectConfigurationPlatforms) = postSolution
		{4F40F46E-3763-426F-8D2D-C57AB05830A9}.Debug|Any CPU.ActiveCfg = Debug|Any CPU
		{4F40F46E-3763-426F-8D2D-C57AB05830A9}.Debug|Any CPU.Build.0 = Debug|Any CPU
		{4F40F46E-3763-426F-8D2D-C57AB05830A9}.Release|Any CPU.ActiveCfg = Release|Any CPU
		{4F40F46E-3763-426F-8D2D-C57AB05830A9}.Release|Any CPU.Build.0 = Release|Any CPU
	EndGlobalSection
	GlobalSection(SolutionProperties) = preSolution
		HideSolutionNode = FALSE
	EndGlobalSection
	GlobalSection(ExtensibilityGlobals) = postSolution
		SolutionGuid = {6A7C00EE-DE54-42DF-B310-B17143B3736D}
	EndGlobalSection
EndGlobal
